// !$*UTF8*$!
{
	archiveVersion = 1;
	classes = {
	};
	objectVersion = 56;
	objects = {

/* Begin PBXBuildFile section */
		DA1E99222915C3AA00155CB1 /* Piece.swift in Sources */ = {isa = PBXBuildFile; fileRef = DA1E99212915C3AA00155CB1 /* Piece.swift */; };
		DA1E99252915C48F00155CB1 /* MockPieceDataService.swift in Sources */ = {isa = PBXBuildFile; fileRef = DA1E99242915C48F00155CB1 /* MockPieceDataService.swift */; };
		DA2D3FCC290AD00A00FA2CE6 /* HardlyPianoSwiftApp.swift in Sources */ = {isa = PBXBuildFile; fileRef = DA2D3FCB290AD00A00FA2CE6 /* HardlyPianoSwiftApp.swift */; };
		DA2D3FCE290AD00A00FA2CE6 /* ContentView.swift in Sources */ = {isa = PBXBuildFile; fileRef = DA2D3FCD290AD00A00FA2CE6 /* ContentView.swift */; };
		DA2D3FD0290AD00C00FA2CE6 /* Assets.xcassets in Resources */ = {isa = PBXBuildFile; fileRef = DA2D3FCF290AD00C00FA2CE6 /* Assets.xcassets */; };
		DA2D3FD3290AD00C00FA2CE6 /* Preview Assets.xcassets in Resources */ = {isa = PBXBuildFile; fileRef = DA2D3FD2290AD00C00FA2CE6 /* Preview Assets.xcassets */; };
		DA2D3FE1290AE61500FA2CE6 /* AuthView.swift in Sources */ = {isa = PBXBuildFile; fileRef = DA2D3FE0290AE61500FA2CE6 /* AuthView.swift */; };
		DA2D3FE3290AE66000FA2CE6 /* mockValidate.swift in Sources */ = {isa = PBXBuildFile; fileRef = DA2D3FE2290AE66000FA2CE6 /* mockValidate.swift */; };
		DA2D3FE5290B2A2400FA2CE6 /* ValidationProtocol.swift in Sources */ = {isa = PBXBuildFile; fileRef = DA2D3FE4290B2A2400FA2CE6 /* ValidationProtocol.swift */; };
		DA4BD34C29146B14006C87ED /* PieceViewSpecial.swift in Sources */ = {isa = PBXBuildFile; fileRef = DA4BD34B29146B14006C87ED /* PieceViewSpecial.swift */; };
		DA4BD34E29146CE4006C87ED /* HomeView.swift in Sources */ = {isa = PBXBuildFile; fileRef = DA4BD34D29146CE4006C87ED /* HomeView.swift */; };
		DA4BD35029146E81006C87ED /* PieceListView.swift in Sources */ = {isa = PBXBuildFile; fileRef = DA4BD34F29146E81006C87ED /* PieceListView.swift */; };
		DA4BD35429146EC4006C87ED /* PieceListEntry.swift in Sources */ = {isa = PBXBuildFile; fileRef = DA4BD35329146EC4006C87ED /* PieceListEntry.swift */; };
		DAE6AB50291464C3005F95C1 /* PrimaryButtonViewModifier.swift in Sources */ = {isa = PBXBuildFile; fileRef = DAE6AB4F291464C3005F95C1 /* PrimaryButtonViewModifier.swift */; };
/* End PBXBuildFile section */

/* Begin PBXFileReference section */
		DA1E99212915C3AA00155CB1 /* Piece.swift */ = {isa = PBXFileReference; lastKnownFileType = sourcecode.swift; path = Piece.swift; sourceTree = "<group>"; };
		DA1E99242915C48F00155CB1 /* MockPieceDataService.swift */ = {isa = PBXFileReference; lastKnownFileType = sourcecode.swift; path = MockPieceDataService.swift; sourceTree = "<group>"; };
		DA2D3FC8290AD00A00FA2CE6 /* HardlyPianoSwift.app */ = {isa = PBXFileReference; explicitFileType = wrapper.application; includeInIndex = 0; path = HardlyPianoSwift.app; sourceTree = BUILT_PRODUCTS_DIR; };
		DA2D3FCB290AD00A00FA2CE6 /* HardlyPianoSwiftApp.swift */ = {isa = PBXFileReference; lastKnownFileType = sourcecode.swift; path = HardlyPianoSwiftApp.swift; sourceTree = "<group>"; };
		DA2D3FCD290AD00A00FA2CE6 /* ContentView.swift */ = {isa = PBXFileReference; lastKnownFileType = sourcecode.swift; path = ContentView.swift; sourceTree = "<group>"; };
		DA2D3FCF290AD00C00FA2CE6 /* Assets.xcassets */ = {isa = PBXFileReference; lastKnownFileType = folder.assetcatalog; path = Assets.xcassets; sourceTree = "<group>"; };
		DA2D3FD2290AD00C00FA2CE6 /* Preview Assets.xcassets */ = {isa = PBXFileReference; lastKnownFileType = folder.assetcatalog; path = "Preview Assets.xcassets"; sourceTree = "<group>"; };
		DA2D3FE0290AE61500FA2CE6 /* AuthView.swift */ = {isa = PBXFileReference; lastKnownFileType = sourcecode.swift; path = AuthView.swift; sourceTree = "<group>"; };
		DA2D3FE2290AE66000FA2CE6 /* mockValidate.swift */ = {isa = PBXFileReference; lastKnownFileType = sourcecode.swift; path = mockValidate.swift; sourceTree = "<group>"; };
		DA2D3FE4290B2A2400FA2CE6 /* ValidationProtocol.swift */ = {isa = PBXFileReference; lastKnownFileType = sourcecode.swift; path = ValidationProtocol.swift; sourceTree = "<group>"; };
		DA4BD34B29146B14006C87ED /* PieceViewSpecial.swift */ = {isa = PBXFileReference; lastKnownFileType = sourcecode.swift; path = PieceViewSpecial.swift; sourceTree = "<group>"; };
		DA4BD34D29146CE4006C87ED /* HomeView.swift */ = {isa = PBXFileReference; lastKnownFileType = sourcecode.swift; path = HomeView.swift; sourceTree = "<group>"; };
		DA4BD34F29146E81006C87ED /* PieceListView.swift */ = {isa = PBXFileReference; lastKnownFileType = sourcecode.swift; path = PieceListView.swift; sourceTree = "<group>"; };
		DA4BD35329146EC4006C87ED /* PieceListEntry.swift */ = {isa = PBXFileReference; lastKnownFileType = sourcecode.swift; path = PieceListEntry.swift; sourceTree = "<group>"; };
		DAE6AB4F291464C3005F95C1 /* PrimaryButtonViewModifier.swift */ = {isa = PBXFileReference; lastKnownFileType = sourcecode.swift; path = PrimaryButtonViewModifier.swift; sourceTree = "<group>"; };
/* End PBXFileReference section */

/* Begin PBXFrameworksBuildPhase section */
		DA2D3FC5290AD00A00FA2CE6 /* Frameworks */ = {
			isa = PBXFrameworksBuildPhase;
			buildActionMask = 2147483647;
			files = (
			);
			runOnlyForDeploymentPostprocessing = 0;
		};
/* End PBXFrameworksBuildPhase section */

/* Begin PBXGroup section */
		DA1E99202915C39900155CB1 /* Models */ = {
			isa = PBXGroup;
			children = (
				DA1E99212915C3AA00155CB1 /* Piece.swift */,
			);
			path = Models;
			sourceTree = "<group>";
		};
		DA1E99232915C46800155CB1 /* DataServices */ = {
			isa = PBXGroup;
			children = (
				DA1E99242915C48F00155CB1 /* MockPieceDataService.swift */,
			);
			path = DataServices;
			sourceTree = "<group>";
		};
		DA2D3FBF290AD00A00FA2CE6 = {
			isa = PBXGroup;
			children = (
				DA2D3FCA290AD00A00FA2CE6 /* HardlyPianoSwift */,
				DA2D3FC9290AD00A00FA2CE6 /* Products */,
			);
			sourceTree = "<group>";
		};
		DA2D3FC9290AD00A00FA2CE6 /* Products */ = {
			isa = PBXGroup;
			children = (
				DA2D3FC8290AD00A00FA2CE6 /* HardlyPianoSwift.app */,
			);
			name = Products;
			sourceTree = "<group>";
		};
		DA2D3FCA290AD00A00FA2CE6 /* HardlyPianoSwift */ = {
			isa = PBXGroup;
			children = (
				DA1E99232915C46800155CB1 /* DataServices */,
				DA1E99202915C39900155CB1 /* Models */,
				DAE6AB4D2914635D005F95C1 /* ViewModifiers */,
				DA2D3FD9290AD08D00FA2CE6 /* Sections */,
				DA2D3FCF290AD00C00FA2CE6 /* Assets.xcassets */,
				DA2D3FCD290AD00A00FA2CE6 /* ContentView.swift */,
				DA2D3FCB290AD00A00FA2CE6 /* HardlyPianoSwiftApp.swift */,
				DA2D3FD1290AD00C00FA2CE6 /* Preview Content */,
			);
			path = HardlyPianoSwift;
			sourceTree = "<group>";
		};
		DA2D3FD1290AD00C00FA2CE6 /* Preview Content */ = {
			isa = PBXGroup;
			children = (
				DA2D3FD2290AD00C00FA2CE6 /* Preview Assets.xcassets */,
			);
			path = "Preview Content";
			sourceTree = "<group>";
		};
		DA2D3FD9290AD08D00FA2CE6 /* Sections */ = {
			isa = PBXGroup;
			children = (
				DA4BD34A29146ACC006C87ED /* PieceViews */,
				DA4BD34929146ABE006C87ED /* MainView */,
				DA2D3FDA290AD0A200FA2CE6 /* Auth */,
			);
			path = Sections;
			sourceTree = "<group>";
		};
		DA2D3FDA290AD0A200FA2CE6 /* Auth */ = {
			isa = PBXGroup;
			children = (
				DA2D3FDD290AD0FE00FA2CE6 /* AuthFunctions */,
				DA2D3FDC290AD0E700FA2CE6 /* AuthProtocols */,
				DA2D3FDB290AD0B600FA2CE6 /* AuthView */,
			);
			path = Auth;
			sourceTree = "<group>";
		};
		DA2D3FDB290AD0B600FA2CE6 /* AuthView */ = {
			isa = PBXGroup;
			children = (
				DA2D3FE0290AE61500FA2CE6 /* AuthView.swift */,
			);
			path = AuthView;
			sourceTree = "<group>";
		};
		DA2D3FDC290AD0E700FA2CE6 /* AuthProtocols */ = {
			isa = PBXGroup;
			children = (
				DA2D3FE4290B2A2400FA2CE6 /* ValidationProtocol.swift */,
			);
			path = AuthProtocols;
			sourceTree = "<group>";
		};
		DA2D3FDD290AD0FE00FA2CE6 /* AuthFunctions */ = {
			isa = PBXGroup;
			children = (
				DA2D3FE2290AE66000FA2CE6 /* mockValidate.swift */,
			);
			path = AuthFunctions;
			sourceTree = "<group>";
		};
		DA4BD34929146ABE006C87ED /* MainView */ = {
			isa = PBXGroup;
			children = (
				DA4BD34D29146CE4006C87ED /* HomeView.swift */,
			);
			path = MainView;
			sourceTree = "<group>";
		};
		DA4BD34A29146ACC006C87ED /* PieceViews */ = {
			isa = PBXGroup;
			children = (
				DA4BD34B29146B14006C87ED /* PieceViewSpecial.swift */,
				DA4BD34F29146E81006C87ED /* PieceListView.swift */,
				DA4BD35329146EC4006C87ED /* PieceListEntry.swift */,
			);
			path = PieceViews;
			sourceTree = "<group>";
		};
		DAE6AB4D2914635D005F95C1 /* ViewModifiers */ = {
			isa = PBXGroup;
			children = (
				DAE6AB4E29146368005F95C1 /* Buttons */,
			);
			path = ViewModifiers;
			sourceTree = "<group>";
		};
		DAE6AB4E29146368005F95C1 /* Buttons */ = {
			isa = PBXGroup;
			children = (
				DAE6AB4F291464C3005F95C1 /* PrimaryButtonViewModifier.swift */,
			);
			path = Buttons;
			sourceTree = "<group>";
		};
/* End PBXGroup section */

/* Begin PBXNativeTarget section */
		DA2D3FC7290AD00A00FA2CE6 /* HardlyPianoSwift */ = {
			isa = PBXNativeTarget;
			buildConfigurationList = DA2D3FD6290AD00C00FA2CE6 /* Build configuration list for PBXNativeTarget "HardlyPianoSwift" */;
			buildPhases = (
				DA2D3FC4290AD00A00FA2CE6 /* Sources */,
				DA2D3FC5290AD00A00FA2CE6 /* Frameworks */,
				DA2D3FC6290AD00A00FA2CE6 /* Resources */,
			);
			buildRules = (
			);
			dependencies = (
			);
			name = HardlyPianoSwift;
			productName = HardlyPianoSwift;
			productReference = DA2D3FC8290AD00A00FA2CE6 /* HardlyPianoSwift.app */;
			productType = "com.apple.product-type.application";
		};
/* End PBXNativeTarget section */

/* Begin PBXProject section */
		DA2D3FC0290AD00A00FA2CE6 /* Project object */ = {
			isa = PBXProject;
			attributes = {
				BuildIndependentTargetsInParallel = 1;
				LastSwiftUpdateCheck = 1400;
				LastUpgradeCheck = 1400;
				TargetAttributes = {
					DA2D3FC7290AD00A00FA2CE6 = {
						CreatedOnToolsVersion = 14.0.1;
					};
				};
			};
			buildConfigurationList = DA2D3FC3290AD00A00FA2CE6 /* Build configuration list for PBXProject "HardlyPianoSwift" */;
			compatibilityVersion = "Xcode 14.0";
			developmentRegion = en;
			hasScannedForEncodings = 0;
			knownRegions = (
				en,
				Base,
			);
			mainGroup = DA2D3FBF290AD00A00FA2CE6;
			productRefGroup = DA2D3FC9290AD00A00FA2CE6 /* Products */;
			projectDirPath = "";
			projectRoot = "";
			targets = (
				DA2D3FC7290AD00A00FA2CE6 /* HardlyPianoSwift */,
			);
		};
/* End PBXProject section */

/* Begin PBXResourcesBuildPhase section */
		DA2D3FC6290AD00A00FA2CE6 /* Resources */ = {
			isa = PBXResourcesBuildPhase;
			buildActionMask = 2147483647;
			files = (
				DA2D3FD3290AD00C00FA2CE6 /* Preview Assets.xcassets in Resources */,
				DA2D3FD0290AD00C00FA2CE6 /* Assets.xcassets in Resources */,
			);
			runOnlyForDeploymentPostprocessing = 0;
		};
/* End PBXResourcesBuildPhase section */

/* Begin PBXSourcesBuildPhase section */
		DA2D3FC4290AD00A00FA2CE6 /* Sources */ = {
			isa = PBXSourcesBuildPhase;
			buildActionMask = 2147483647;
			files = (
				DA1E99252915C48F00155CB1 /* MockPieceDataService.swift in Sources */,
				DA1E99222915C3AA00155CB1 /* Piece.swift in Sources */,
				DA4BD35029146E81006C87ED /* PieceListView.swift in Sources */,
				DA2D3FCE290AD00A00FA2CE6 /* ContentView.swift in Sources */,
				DA2D3FE3290AE66000FA2CE6 /* mockValidate.swift in Sources */,
				DA2D3FCC290AD00A00FA2CE6 /* HardlyPianoSwiftApp.swift in Sources */,
				DA4BD34C29146B14006C87ED /* PieceViewSpecial.swift in Sources */,
				DA4BD35429146EC4006C87ED /* PieceListEntry.swift in Sources */,
				DA2D3FE1290AE61500FA2CE6 /* AuthView.swift in Sources */,
				DA4BD34E29146CE4006C87ED /* HomeView.swift in Sources */,
				DAE6AB50291464C3005F95C1 /* PrimaryButtonViewModifier.swift in Sources */,
				DA2D3FE5290B2A2400FA2CE6 /* ValidationProtocol.swift in Sources */,
			);
			runOnlyForDeploymentPostprocessing = 0;
		};
/* End PBXSourcesBuildPhase section */

/* Begin XCBuildConfiguration section */
		DA2D3FD4290AD00C00FA2CE6 /* Debug */ = {
			isa = XCBuildConfiguration;
			buildSettings = {
				ALWAYS_SEARCH_USER_PATHS = NO;
				CLANG_ANALYZER_NONNULL = YES;
				CLANG_ANALYZER_NUMBER_OBJECT_CONVERSION = YES_AGGRESSIVE;
				CLANG_CXX_LANGUAGE_STANDARD = "gnu++20";
				CLANG_ENABLE_MODULES = YES;
				CLANG_ENABLE_OBJC_ARC = YES;
				CLANG_ENABLE_OBJC_WEAK = YES;
				CLANG_WARN_BLOCK_CAPTURE_AUTORELEASING = YES;
				CLANG_WARN_BOOL_CONVERSION = YES;
				CLANG_WARN_COMMA = YES;
				CLANG_WARN_CONSTANT_CONVERSION = YES;
				CLANG_WARN_DEPRECATED_OBJC_IMPLEMENTATIONS = YES;
				CLANG_WARN_DIRECT_OBJC_ISA_USAGE = YES_ERROR;
				CLANG_WARN_DOCUMENTATION_COMMENTS = YES;
				CLANG_WARN_EMPTY_BODY = YES;
				CLANG_WARN_ENUM_CONVERSION = YES;
				CLANG_WARN_INFINITE_RECURSION = YES;
				CLANG_WARN_INT_CONVERSION = YES;
				CLANG_WARN_NON_LITERAL_NULL_CONVERSION = YES;
				CLANG_WARN_OBJC_IMPLICIT_RETAIN_SELF = YES;
				CLANG_WARN_OBJC_LITERAL_CONVERSION = YES;
				CLANG_WARN_OBJC_ROOT_CLASS = YES_ERROR;
				CLANG_WARN_QUOTED_INCLUDE_IN_FRAMEWORK_HEADER = YES;
				CLANG_WARN_RANGE_LOOP_ANALYSIS = YES;
				CLANG_WARN_STRICT_PROTOTYPES = YES;
				CLANG_WARN_SUSPICIOUS_MOVE = YES;
				CLANG_WARN_UNGUARDED_AVAILABILITY = YES_AGGRESSIVE;
				CLANG_WARN_UNREACHABLE_CODE = YES;
				CLANG_WARN__DUPLICATE_METHOD_MATCH = YES;
				COPY_PHASE_STRIP = NO;
				DEBUG_INFORMATION_FORMAT = dwarf;
				ENABLE_STRICT_OBJC_MSGSEND = YES;
				ENABLE_TESTABILITY = YES;
				GCC_C_LANGUAGE_STANDARD = gnu11;
				GCC_DYNAMIC_NO_PIC = NO;
				GCC_NO_COMMON_BLOCKS = YES;
				GCC_OPTIMIZATION_LEVEL = 0;
				GCC_PREPROCESSOR_DEFINITIONS = (
					"DEBUG=1",
					"$(inherited)",
				);
				GCC_WARN_64_TO_32_BIT_CONVERSION = YES;
				GCC_WARN_ABOUT_RETURN_TYPE = YES_ERROR;
				GCC_WARN_UNDECLARED_SELECTOR = YES;
				GCC_WARN_UNINITIALIZED_AUTOS = YES_AGGRESSIVE;
				GCC_WARN_UNUSED_FUNCTION = YES;
				GCC_WARN_UNUSED_VARIABLE = YES;
				IPHONEOS_DEPLOYMENT_TARGET = 16.0;
				MTL_ENABLE_DEBUG_INFO = INCLUDE_SOURCE;
				MTL_FAST_MATH = YES;
				ONLY_ACTIVE_ARCH = YES;
				SDKROOT = iphoneos;
				SWIFT_ACTIVE_COMPILATION_CONDITIONS = DEBUG;
				SWIFT_OPTIMIZATION_LEVEL = "-Onone";
			};
			name = Debug;
		};
		DA2D3FD5290AD00C00FA2CE6 /* Release */ = {
			isa = XCBuildConfiguration;
			buildSettings = {
				ALWAYS_SEARCH_USER_PATHS = NO;
				CLANG_ANALYZER_NONNULL = YES;
				CLANG_ANALYZER_NUMBER_OBJECT_CONVERSION = YES_AGGRESSIVE;
				CLANG_CXX_LANGUAGE_STANDARD = "gnu++20";
				CLANG_ENABLE_MODULES = YES;
				CLANG_ENABLE_OBJC_ARC = YES;
				CLANG_ENABLE_OBJC_WEAK = YES;
				CLANG_WARN_BLOCK_CAPTURE_AUTORELEASING = YES;
				CLANG_WARN_BOOL_CONVERSION = YES;
				CLANG_WARN_COMMA = YES;
				CLANG_WARN_CONSTANT_CONVERSION = YES;
				CLANG_WARN_DEPRECATED_OBJC_IMPLEMENTATIONS = YES;
				CLANG_WARN_DIRECT_OBJC_ISA_USAGE = YES_ERROR;
				CLANG_WARN_DOCUMENTATION_COMMENTS = YES;
				CLANG_WARN_EMPTY_BODY = YES;
				CLANG_WARN_ENUM_CONVERSION = YES;
				CLANG_WARN_INFINITE_RECURSION = YES;
				CLANG_WARN_INT_CONVERSION = YES;
				CLANG_WARN_NON_LITERAL_NULL_CONVERSION = YES;
				CLANG_WARN_OBJC_IMPLICIT_RETAIN_SELF = YES;
				CLANG_WARN_OBJC_LITERAL_CONVERSION = YES;
				CLANG_WARN_OBJC_ROOT_CLASS = YES_ERROR;
				CLANG_WARN_QUOTED_INCLUDE_IN_FRAMEWORK_HEADER = YES;
				CLANG_WARN_RANGE_LOOP_ANALYSIS = YES;
				CLANG_WARN_STRICT_PROTOTYPES = YES;
				CLANG_WARN_SUSPICIOUS_MOVE = YES;
				CLANG_WARN_UNGUARDED_AVAILABILITY = YES_AGGRESSIVE;
				CLANG_WARN_UNREACHABLE_CODE = YES;
				CLANG_WARN__DUPLICATE_METHOD_MATCH = YES;
				COPY_PHASE_STRIP = NO;
				DEBUG_INFORMATION_FORMAT = "dwarf-with-dsym";
				ENABLE_NS_ASSERTIONS = NO;
				ENABLE_STRICT_OBJC_MSGSEND = YES;
				GCC_C_LANGUAGE_STANDARD = gnu11;
				GCC_NO_COMMON_BLOCKS = YES;
				GCC_WARN_64_TO_32_BIT_CONVERSION = YES;
				GCC_WARN_ABOUT_RETURN_TYPE = YES_ERROR;
				GCC_WARN_UNDECLARED_SELECTOR = YES;
				GCC_WARN_UNINITIALIZED_AUTOS = YES_AGGRESSIVE;
				GCC_WARN_UNUSED_FUNCTION = YES;
				GCC_WARN_UNUSED_VARIABLE = YES;
				IPHONEOS_DEPLOYMENT_TARGET = 16.0;
				MTL_ENABLE_DEBUG_INFO = NO;
				MTL_FAST_MATH = YES;
				SDKROOT = iphoneos;
				SWIFT_COMPILATION_MODE = wholemodule;
				SWIFT_OPTIMIZATION_LEVEL = "-O";
				VALIDATE_PRODUCT = YES;
			};
			name = Release;
		};
		DA2D3FD7290AD00C00FA2CE6 /* Debug */ = {
			isa = XCBuildConfiguration;
			buildSettings = {
				ASSETCATALOG_COMPILER_APPICON_NAME = AppIcon;
				ASSETCATALOG_COMPILER_GLOBAL_ACCENT_COLOR_NAME = AccentColor;
				CODE_SIGN_STYLE = Automatic;
				CURRENT_PROJECT_VERSION = 1;
				DEVELOPMENT_ASSET_PATHS = "\"HardlyPianoSwift/Preview Content\"";
				DEVELOPMENT_TEAM = 84SFW95R2P;
				ENABLE_PREVIEWS = YES;
				GENERATE_INFOPLIST_FILE = YES;
				INFOPLIST_KEY_UIApplicationSceneManifest_Generation = YES;
				INFOPLIST_KEY_UIApplicationSupportsIndirectInputEvents = YES;
				INFOPLIST_KEY_UILaunchScreen_Generation = YES;
				INFOPLIST_KEY_UISupportedInterfaceOrientations_iPad = "UIInterfaceOrientationPortrait UIInterfaceOrientationPortraitUpsideDown UIInterfaceOrientationLandscapeLeft UIInterfaceOrientationLandscapeRight";
				INFOPLIST_KEY_UISupportedInterfaceOrientations_iPhone = "UIInterfaceOrientationPortrait UIInterfaceOrientationLandscapeLeft UIInterfaceOrientationLandscapeRight";
				LD_RUNPATH_SEARCH_PATHS = (
					"$(inherited)",
					"@executable_path/Frameworks",
				);
				MARKETING_VERSION = 1.0;
				PRODUCT_BUNDLE_IDENTIFIER = paulecode.HardlyPianoSwift;
				PRODUCT_NAME = "$(TARGET_NAME)";
				SWIFT_EMIT_LOC_STRINGS = YES;
				SWIFT_VERSION = 5.0;
				TARGETED_DEVICE_FAMILY = "1,2";
			};
			name = Debug;
		};
		DA2D3FD8290AD00C00FA2CE6 /* Release */ = {
			isa = XCBuildConfiguration;
			buildSettings = {
				ASSETCATALOG_COMPILER_APPICON_NAME = AppIcon;
				ASSETCATALOG_COMPILER_GLOBAL_ACCENT_COLOR_NAME = AccentColor;
				CODE_SIGN_STYLE = Automatic;
				CURRENT_PROJECT_VERSION = 1;
				DEVELOPMENT_ASSET_PATHS = "\"HardlyPianoSwift/Preview Content\"";
				DEVELOPMENT_TEAM = 84SFW95R2P;
				ENABLE_PREVIEWS = YES;
				GENERATE_INFOPLIST_FILE = YES;
				INFOPLIST_KEY_UIApplicationSceneManifest_Generation = YES;
				INFOPLIST_KEY_UIApplicationSupportsIndirectInputEvents = YES;
				INFOPLIST_KEY_UILaunchScreen_Generation = YES;
				INFOPLIST_KEY_UISupportedInterfaceOrientations_iPad = "UIInterfaceOrientationPortrait UIInterfaceOrientationPortraitUpsideDown UIInterfaceOrientationLandscapeLeft UIInterfaceOrientationLandscapeRight";
				INFOPLIST_KEY_UISupportedInterfaceOrientations_iPhone = "UIInterfaceOrientationPortrait UIInterfaceOrientationLandscapeLeft UIInterfaceOrientationLandscapeRight";
				LD_RUNPATH_SEARCH_PATHS = (
					"$(inherited)",
					"@executable_path/Frameworks",
				);
				MARKETING_VERSION = 1.0;
				PRODUCT_BUNDLE_IDENTIFIER = paulecode.HardlyPianoSwift;
				PRODUCT_NAME = "$(TARGET_NAME)";
				SWIFT_EMIT_LOC_STRINGS = YES;
				SWIFT_VERSION = 5.0;
				TARGETED_DEVICE_FAMILY = "1,2";
			};
			name = Release;
		};
/* End XCBuildConfiguration section */

/* Begin XCConfigurationList section */
		DA2D3FC3290AD00A00FA2CE6 /* Build configuration list for PBXProject "HardlyPianoSwift" */ = {
			isa = XCConfigurationList;
			buildConfigurations = (
				DA2D3FD4290AD00C00FA2CE6 /* Debug */,
				DA2D3FD5290AD00C00FA2CE6 /* Release */,
			);
			defaultConfigurationIsVisible = 0;
			defaultConfigurationName = Release;
		};
		DA2D3FD6290AD00C00FA2CE6 /* Build configuration list for PBXNativeTarget "HardlyPianoSwift" */ = {
			isa = XCConfigurationList;
			buildConfigurations = (
				DA2D3FD7290AD00C00FA2CE6 /* Debug */,
				DA2D3FD8290AD00C00FA2CE6 /* Release */,
			);
			defaultConfigurationIsVisible = 0;
			defaultConfigurationName = Release;
		};
/* End XCConfigurationList section */
	};
	rootObject = DA2D3FC0290AD00A00FA2CE6 /* Project object */;
}
